
Microsoft Visual Studio Solution File, Format Version 12.00
# Visual Studio Version 17
VisualStudioVersion = 17.0.31903.59
MinimumVisualStudioVersion = 10.0.40219.1
Project("{2150E333-8FDC-42A3-9474-1A3956D46DE8}") = "src", "src", "{827E0CD3-B72D-47B6-A68D-7590B98EB39B}"
EndProject
Project("{FAE04EC0-301F-11D3-BF4B-00C04F79EFBC}") = "TenveoPtz.Core", "src\TenveoPtz.Core\TenveoPtz.Core.csproj", "{87D3504F-26D4-4221-A4D5-AD732EE8A0B3}"
EndProject
Project("{FAE04EC0-301F-11D3-BF4B-00C04F79EFBC}") = "TenveoPtz.App", "src\TenveoPtz.App\TenveoPtz.App.csproj", "{D6967BCD-B2A4-473B-870C-1D47A310D82C}"
EndProject
Project("{2150E333-8FDC-42A3-9474-1A3956D46DE8}") = "tests", "tests", "{0AB3BF05-4346-4AA6-1389-037BE0695223}"
EndProject
Project("{FAE04EC0-301F-11D3-BF4B-00C04F79EFBC}") = "TenveoPtz.Core.Tests", "tests\TenveoPtz.Core.Tests\TenveoPtz.Core.Tests.csproj", "{A5EB7050-4AA3-42AA-B3BA-36907E371E40}"
EndProject
Global
	GlobalSection(SolutionConfigurationPlatforms) = preSolution
		Debug|Any CPU = Debug|Any CPU
		Debug|x64 = Debug|x64
		Debug|x86 = Debug|x86
		Release|Any CPU = Release|Any CPU
		Release|x64 = Release|x64
		Release|x86 = Release|x86
	EndGlobalSection
	GlobalSection(ProjectConfigurationPlatforms) = postSolution
		{87D3504F-26D4-4221-A4D5-AD732EE8A0B3}.Debug|Any CPU.ActiveCfg = Debug|Any CPU
		{87D3504F-26D4-4221-A4D5-AD732EE8A0B3}.Debug|Any CPU.Build.0 = Debug|Any CPU
		{87D3504F-26D4-4221-A4D5-AD732EE8A0B3}.Debug|x64.ActiveCfg = Debug|Any CPU
		{87D3504F-26D4-4221-A4D5-AD732EE8A0B3}.Debug|x64.Build.0 = Debug|Any CPU
		{87D3504F-26D4-4221-A4D5-AD732EE8A0B3}.Debug|x86.ActiveCfg = Debug|Any CPU
		{87D3504F-26D4-4221-A4D5-AD732EE8A0B3}.Debug|x86.Build.0 = Debug|Any CPU
		{87D3504F-26D4-4221-A4D5-AD732EE8A0B3}.Release|Any CPU.ActiveCfg = Release|Any CPU
		{87D3504F-26D4-4221-A4D5-AD732EE8A0B3}.Release|Any CPU.Build.0 = Release|Any CPU
		{87D3504F-26D4-4221-A4D5-AD732EE8A0B3}.Release|x64.ActiveCfg = Release|Any CPU
		{87D3504F-26D4-4221-A4D5-AD732EE8A0B3}.Release|x64.Build.0 = Release|Any CPU
		{87D3504F-26D4-4221-A4D5-AD732EE8A0B3}.Release|x86.ActiveCfg = Release|Any CPU
		{87D3504F-26D4-4221-A4D5-AD732EE8A0B3}.Release|x86.Build.0 = Release|Any CPU
		{D6967BCD-B2A4-473B-870C-1D47A310D82C}.Debug|Any CPU.ActiveCfg = Debug|Any CPU
		{D6967BCD-B2A4-473B-870C-1D47A310D82C}.Debug|Any CPU.Build.0 = Debug|Any CPU
		{D6967BCD-B2A4-473B-870C-1D47A310D82C}.Debug|x64.ActiveCfg = Debug|Any CPU
		{D6967BCD-B2A4-473B-870C-1D47A310D82C}.Debug|x64.Build.0 = Debug|Any CPU
		{D6967BCD-B2A4-473B-870C-1D47A310D82C}.Debug|x86.ActiveCfg = Debug|Any CPU
		{D6967BCD-B2A4-473B-870C-1D47A310D82C}.Debug|x86.Build.0 = Debug|Any CPU
		{D6967BCD-B2A4-473B-870C-1D47A310D82C}.Release|Any CPU.ActiveCfg = Release|Any CPU
		{D6967BCD-B2A4-473B-870C-1D47A310D82C}.Release|Any CPU.Build.0 = Release|Any CPU
		{D6967BCD-B2A4-473B-870C-1D47A310D82C}.Release|x64.ActiveCfg = Release|Any CPU
		{D6967BCD-B2A4-473B-870C-1D47A310D82C}.Release|x64.Build.0 = Release|Any CPU
		{D6967BCD-B2A4-473B-870C-1D47A310D82C}.Release|x86.ActiveCfg = Release|Any CPU
		{D6967BCD-B2A4-473B-870C-1D47A310D82C}.Release|x86.Build.0 = Release|Any CPU
		{A5EB7050-4AA3-42AA-B3BA-36907E371E40}.Debug|Any CPU.ActiveCfg = Debug|Any CPU
		{A5EB7050-4AA3-42AA-B3BA-36907E371E40}.Debug|Any CPU.Build.0 = Debug|Any CPU
		{A5EB7050-4AA3-42AA-B3BA-36907E371E40}.Debug|x64.ActiveCfg = Debug|Any CPU
		{A5EB7050-4AA3-42AA-B3BA-36907E371E40}.Debug|x64.Build.0 = Debug|Any CPU
		{A5EB7050-4AA3-42AA-B3BA-36907E371E40}.Debug|x86.ActiveCfg = Debug|Any CPU
		{A5EB7050-4AA3-42AA-B3BA-36907E371E40}.Debug|x86.Build.0 = Debug|Any CPU
		{A5EB7050-4AA3-42AA-B3BA-36907E371E40}.Release|Any CPU.ActiveCfg = Release|Any CPU
		{A5EB7050-4AA3-42AA-B3BA-36907E371E40}.Release|Any CPU.Build.0 = Release|Any CPU
		{A5EB7050-4AA3-42AA-B3BA-36907E371E40}.Release|x64.ActiveCfg = Release|Any CPU
		{A5EB7050-4AA3-42AA-B3BA-36907E371E40}.Release|x64.Build.0 = Release|Any CPU
		{A5EB7050-4AA3-42AA-B3BA-36907E371E40}.Release|x86.ActiveCfg = Release|Any CPU
		{A5EB7050-4AA3-42AA-B3BA-36907E371E40}.Release|x86.Build.0 = Release|Any CPU
	EndGlobalSection
	GlobalSection(SolutionProperties) = preSolution
		HideSolutionNode = FALSE
	EndGlobalSection
	GlobalSection(NestedProjects) = preSolution
		{87D3504F-26D4-4221-A4D5-AD732EE8A0B3} = {827E0CD3-B72D-47B6-A68D-7590B98EB39B}
		{D6967BCD-B2A4-473B-870C-1D47A310D82C} = {827E0CD3-B72D-47B6-A68D-7590B98EB39B}
		{A5EB7050-4AA3-42AA-B3BA-36907E371E40} = {0AB3BF05-4346-4AA6-1389-037BE0695223}
	EndGlobalSection
EndGlobal
